
Microsoft Visual Studio Solution File, Format Version 12.00
# Visual Studio 14
VisualStudioVersion = 14.0.25420.1
MinimumVisualStudioVersion = 10.0.40219.1
Project("{FAE04EC0-301F-11D3-BF4B-00C04F79EFBC}") = "ProcessMonitorConsole", "ProcessMonitorConsole\ProcessMonitorConsole.csproj", "{7F0587BA-04DE-474E-9339-FBD3647B8C0D}"
EndProject
Project("{FAE04EC0-301F-11D3-BF4B-00C04F79EFBC}") = "ProcessMonitorUwp", "ProcessMonitorUwp\ProcessMonitorUwp.csproj", "{C65105EA-0411-462F-9D75-73895E7DB11E}"
EndProject
Project("{FAE04EC0-301F-11D3-BF4B-00C04F79EFBC}") = "ProcessMonitorWpf", "ProcessMonitorWpf\ProcessMonitorWpf.csproj", "{28AD7F3F-06D5-44AC-9283-62B6E5EF0210}"
EndProject
Global
	GlobalSection(SolutionConfigurationPlatforms) = preSolution
		Debug|Any CPU = Debug|Any CPU
		Debug|ARM = Debug|ARM
		Debug|x64 = Debug|x64
		Debug|x86 = Debug|x86
		Release|Any CPU = Release|Any CPU
		Release|ARM = Release|ARM
		Release|x64 = Release|x64
		Release|x86 = Release|x86
	EndGlobalSection
	GlobalSection(ProjectConfigurationPlatforms) = postSolution
		{7F0587BA-04DE-474E-9339-FBD3647B8C0D}.Debug|Any CPU.ActiveCfg = Debug|Any CPU
		{7F0587BA-04DE-474E-9339-FBD3647B8C0D}.Debug|Any CPU.Build.0 = Debug|Any CPU
		{7F0587BA-04DE-474E-9339-FBD3647B8C0D}.Debug|ARM.ActiveCfg = Debug|Any CPU
		{7F0587BA-04DE-474E-9339-FBD3647B8C0D}.Debug|ARM.Build.0 = Debug|Any CPU
		{7F0587BA-04DE-474E-9339-FBD3647B8C0D}.Debug|x64.ActiveCfg = Debug|Any CPU
		{7F0587BA-04DE-474E-9339-FBD3647B8C0D}.Debug|x64.Build.0 = Debug|Any CPU
		{7F0587BA-04DE-474E-9339-FBD3647B8C0D}.Debug|x86.ActiveCfg = Debug|Any CPU
		{7F0587BA-04DE-474E-9339-FBD3647B8C0D}.Debug|x86.Build.0 = Debug|Any CPU
		{7F0587BA-04DE-474E-9339-FBD3647B8C0D}.Release|Any CPU.ActiveCfg = Release|Any CPU
		{7F0587BA-04DE-474E-9339-FBD3647B8C0D}.Release|Any CPU.Build.0 = Release|Any CPU
		{7F0587BA-04DE-474E-9339-FBD3647B8C0D}.Release|ARM.ActiveCfg = Release|Any CPU
		{7F0587BA-04DE-474E-9339-FBD3647B8C0D}.Release|ARM.Build.0 = Release|Any CPU
		{7F0587BA-04DE-474E-9339-FBD3647B8C0D}.Release|x64.ActiveCfg = Release|Any CPU
		{7F0587BA-04DE-474E-9339-FBD3647B8C0D}.Release|x64.Build.0 = Release|Any CPU
		{7F0587BA-04DE-474E-9339-FBD3647B8C0D}.Release|x86.ActiveCfg = Release|Any CPU
		{7F0587BA-04DE-474E-9339-FBD3647B8C0D}.Release|x86.Build.0 = Release|Any CPU
		{C65105EA-0411-462F-9D75-73895E7DB11E}.Debug|Any CPU.ActiveCfg = Debug|x86
		{C65105EA-0411-462F-9D75-73895E7DB11E}.Debug|Any CPU.Build.0 = Debug|x86
		{C65105EA-0411-462F-9D75-73895E7DB11E}.Debug|Any CPU.Deploy.0 = Debug|x86
		{C65105EA-0411-462F-9D75-73895E7DB11E}.Debug|ARM.ActiveCfg = Debug|ARM
		{C65105EA-0411-462F-9D75-73895E7DB11E}.Debug|ARM.Build.0 = Debug|ARM
		{C65105EA-0411-462F-9D75-73895E7DB11E}.Debug|ARM.Deploy.0 = Debug|ARM
		{C65105EA-0411-462F-9D75-73895E7DB11E}.Debug|x64.ActiveCfg = Debug|x64
		{C65105EA-0411-462F-9D75-73895E7DB11E}.Debug|x64.Build.0 = Debug|x64
		{C65105EA-0411-462F-9D75-73895E7DB11E}.Debug|x64.Deploy.0 = Debug|x64
		{C65105EA-0411-462F-9D75-73895E7DB11E}.Debug|x86.ActiveCfg = Debug|x86
		{C65105EA-0411-462F-9D75-73895E7DB11E}.Debug|x86.Build.0 = Debug|x86
		{C65105EA-0411-462F-9D75-73895E7DB11E}.Debug|x86.Deploy.0 = Debug|x86
		{C65105EA-0411-462F-9D75-73895E7DB11E}.Release|Any CPU.ActiveCfg = Release|x86
		{C65105EA-0411-462F-9D75-73895E7DB11E}.Release|ARM.ActiveCfg = Release|ARM
		{C65105EA-0411-462F-9D75-73895E7DB11E}.Release|ARM.Build.0 = Release|ARM
		{C65105EA-0411-462F-9D75-73895E7DB11E}.Release|ARM.Deploy.0 = Release|ARM
		{C65105EA-0411-462F-9D75-73895E7DB11E}.Release|x64.ActiveCfg = Release|x64
		{C65105EA-0411-462F-9D75-73895E7DB11E}.Release|x64.Build.0 = Release|x64
		{C65105EA-0411-462F-9D75-73895E7DB11E}.Release|x64.Deploy.0 = Release|x64
		{C65105EA-0411-462F-9D75-73895E7DB11E}.Release|x86.ActiveCfg = Release|x86
		{C65105EA-0411-462F-9D75-73895E7DB11E}.Release|x86.Build.0 = Release|x86
		{C65105EA-0411-462F-9D75-73895E7DB11E}.Release|x86.Deploy.0 = Release|x86
		{28AD7F3F-06D5-44AC-9283-62B6E5EF0210}.Debug|Any CPU.ActiveCfg = Debug|Any CPU
		{28AD7F3F-06D5-44AC-9283-62B6E5EF0210}.Debug|Any CPU.Build.0 = Debug|Any CPU
		{28AD7F3F-06D5-44AC-9283-62B6E5EF0210}.Debug|ARM.ActiveCfg = Debug|Any CPU
		{28AD7F3F-06D5-44AC-9283-62B6E5EF0210}.Debug|ARM.Build.0 = Debug|Any CPU
		{28AD7F3F-06D5-44AC-9283-62B6E5EF0210}.Debug|x64.ActiveCfg = Debug|Any CPU
		{28AD7F3F-06D5-44AC-9283-62B6E5EF0210}.Debug|x64.Build.0 = Debug|Any CPU
		{28AD7F3F-06D5-44AC-9283-62B6E5EF0210}.Debug|x86.ActiveCfg = Debug|Any CPU
		{28AD7F3F-06D5-44AC-9283-62B6E5EF0210}.Debug|x86.Build.0 = Debug|Any CPU
		{28AD7F3F-06D5-44AC-9283-62B6E5EF0210}.Release|Any CPU.ActiveCfg = Release|Any CPU
		{28AD7F3F-06D5-44AC-9283-62B6E5EF0210}.Release|Any CPU.Build.0 = Release|Any CPU
		{28AD7F3F-06D5-44AC-9283-62B6E5EF0210}.Release|ARM.ActiveCfg = Release|Any CPU
		{28AD7F3F-06D5-44AC-9283-62B6E5EF0210}.Release|ARM.Build.0 = Release|Any CPU
		{28AD7F3F-06D5-44AC-9283-62B6E5EF0210}.Release|x64.ActiveCfg = Release|Any CPU
		{28AD7F3F-06D5-44AC-9283-62B6E5EF0210}.Release|x64.Build.0 = Release|Any CPU
		{28AD7F3F-06D5-44AC-9283-62B6E5EF0210}.Release|x86.ActiveCfg = Release|Any CPU
		{28AD7F3F-06D5-44AC-9283-62B6E5EF0210}.Release|x86.Build.0 = Release|Any CPU
	EndGlobalSection
	GlobalSection(SolutionProperties) = preSolution
		HideSolutionNode = FALSE
	EndGlobalSection
EndGlobal
